
Microsoft Visual Studio Solution File, Format Version 12.00
# Visual Studio Version 17
VisualStudioVersion = 17.13.35806.99
MinimumVisualStudioVersion = 10.0.40219.1
Project("{2150E333-8FDC-42A3-9474-1A3956D46DE8}") = "FrontEnd", "FrontEnd", "{02EA681E-C7D8-13C7-8484-4AC65E1B71E8}"
EndProject
Project("{2150E333-8FDC-42A3-9474-1A3956D46DE8}") = "Gateway", "Gateway", "{4932C7E4-3EAF-451E-9485-914B3F6FAB56}"
EndProject
Project("{2150E333-8FDC-42A3-9474-1A3956D46DE8}") = "Integration", "Integration", "{CF161ECA-D413-4063-A9E5-99188EEC9E8C}"
EndProject
Project("{2150E333-8FDC-42A3-9474-1A3956D46DE8}") = "Services", "Services", "{CB446569-D1B5-48E6-8179-4F23445AC91A}"
EndProject
Project("{FAE04EC0-301F-11D3-BF4B-00C04F79EFBC}") = "Mango.Services.CouponAPI", "Mango.Services.CouponAPI\Mango.Services.CouponAPI.csproj", "{A98647E1-658F-43F3-81DF-1440D05A4287}"
EndProject
Global
	GlobalSection(SolutionConfigurationPlatforms) = preSolution
		Debug|Any CPU = Debug|Any CPU
		Release|Any CPU = Release|Any CPU
	EndGlobalSection
	GlobalSection(ProjectConfigurationPlatforms) = postSolution
		{A98647E1-658F-43F3-81DF-1440D05A4287}.Debug|Any CPU.ActiveCfg = Debug|Any CPU
		{A98647E1-658F-43F3-81DF-1440D05A4287}.Debug|Any CPU.Build.0 = Debug|Any CPU
		{A98647E1-658F-43F3-81DF-1440D05A4287}.Release|Any CPU.ActiveCfg = Release|Any CPU
		{A98647E1-658F-43F3-81DF-1440D05A4287}.Release|Any CPU.Build.0 = Release|Any CPU
	EndGlobalSection
	GlobalSection(SolutionProperties) = preSolution
		HideSolutionNode = FALSE
	EndGlobalSection
	GlobalSection(NestedProjects) = preSolution
		{A98647E1-658F-43F3-81DF-1440D05A4287} = {CB446569-D1B5-48E6-8179-4F23445AC91A}
	EndGlobalSection
	GlobalSection(ExtensibilityGlobals) = postSolution
		SolutionGuid = {39045C7B-1464-45FE-865D-4A8BD935E9C7}
	EndGlobalSection
EndGlobal
